PODS:
  - Flutter (1.0.0)
  - ussd_handler (0.0.1):
    - Flutter

DEPENDENCIES:
  - Flutter (from `Flutter`)
  - ussd_handler (from `.symlinks/plugins/ussd_handler/ios`)

EXTERNAL SOURCES:
  Flutter:
    :path: Flutter
  ussd_handler:
    :path: ".symlinks/plugins/ussd_handler/ios"

SPEC CHECKSUMS:
  Flutter: 71a624a5bc0c04062bf19101d501e466baf2fb47
  ussd_handler: 120af26192309a35647c6b1ff3656809165efd20

PODFILE CHECKSUM: 73923ef9eadcc26a2524dadc748c724f2ece5e15

COCOAPODS: 1.16.2
